
Microsoft Visual Studio Solution File, Format Version 12.00
# Visual Studio Version 17
VisualStudioVersion = 17.11.35327.3
MinimumVisualStudioVersion = 10.0.40219.1
Project("{FAE04EC0-301F-11D3-BF4B-00C04F79EFBC}") = "logica02", "logica02.csproj", "{23B628AE-5BA3-47B6-8BB4-D5AA27E34143}"
EndProject
Global
	GlobalSection(SolutionConfigurationPlatforms) = preSolution
		Debug|Any CPU = Debug|Any CPU
		Release|Any CPU = Release|Any CPU
	EndGlobalSection
	GlobalSection(ProjectConfigurationPlatforms) = postSolution
		{23B628AE-5BA3-47B6-8BB4-D5AA27E34143}.Debug|Any CPU.ActiveCfg = Debug|Any CPU
		{23B628AE-5BA3-47B6-8BB4-D5AA27E34143}.Debug|Any CPU.Build.0 = Debug|Any CPU
		{23B628AE-5BA3-47B6-8BB4-D5AA27E34143}.Release|Any CPU.ActiveCfg = Release|Any CPU
		{23B628AE-5BA3-47B6-8BB4-D5AA27E34143}.Release|Any CPU.Build.0 = Release|Any CPU
	EndGlobalSection
	GlobalSection(SolutionProperties) = preSolution
		HideSolutionNode = FALSE
	EndGlobalSection
	GlobalSection(ExtensibilityGlobals) = postSolution
		SolutionGuid = {44C49E78-B903-4584-8991-F99C2002B24F}
	EndGlobalSection
EndGlobal
